edu\.kit\.ipd\.alicenlp\.ivan\.tests\.UtteranceTest
edu\.kit\.ipd\.alicenlp\.ivan\.tests\.CoreferenceResolverTest
edu\.kit\.ipd\.alicenlp\.ivan\.tests\.SentenceFrameRuleTest
edu\.kit\.ipd\.alicenlp\.ivan\.tests\.RecognitionStateTest
edu\.kit\.ipd\.alicenlp\.ivan\.tests\.SentenceFrameRuleTest
.*Hard.*
#.*SshTest.*